{
  "name": "jokes_app",
  "version": "0.1.0",
  "lockfileVersion": 1,
  "dependencies": {
    "clamp": {
      "version": "1.0.1",
      "resolved": "https://registry.npmjs.org/clamp/-/clamp-1.0.1.tgz",
      "integrity": "sha1-ZqDmQBGBbjcZaCj9yMjBRzEshjQ="
    },
    "react-native-dismiss-keyboard": {
      "version": "1.0.0",
      "resolved": "https://registry.npmjs.org/react-native-dismiss-keyboard/-/react-native-dismiss-keyboard-1.0.0.tgz",
      "integrity": "sha1-MohiQrPyMX4SHzrrmwpYXiuHm0k="
    },
    "react-native-swipe-cards": {
      "version": "0.1.0",
      "resolved": "https://registry.npmjs.org/react-native-swipe-cards/-/react-native-swipe-cards-0.1.0.tgz",
      "integrity": "sha1-0KRd12grZ0FNDFgBAKqQP0YnR1o="
    }
  }
}
